
Microsoft Visual Studio Solution File, Format Version 9.00
# Visual Studio 2005
Project("{F14B399A-7131-4C87-9E4B-1186C45EF12D}") = "Состояния стекеров", "Состояния стекеров\Состояния стекеров.rptproj", "{63D213B7-E58E-4D22-9F60-7555EA0A3589}"
EndProject
Global
	GlobalSection(SourceCodeControl) = preSolution
		SccNumberOfProjects = 2
		SccLocalPath0 = .
		CanCheckoutShared = false
		SccProjectUniqueName1 = Состояния\u0020стекеров\\Состояния\u0020стекеров.rptproj
		SccLocalPath1 = .
		CanCheckoutShared = false
		SccProjectFilePathRelativizedFromConnection1 = Состояния\u0020стекеров\\
	EndGlobalSection
	GlobalSection(SolutionConfigurationPlatforms) = preSolution
		Debug|Default = Debug|Default
		DebugLocal|Default = DebugLocal|Default
		Production|Default = Production|Default
	EndGlobalSection
	GlobalSection(ProjectConfigurationPlatforms) = postSolution
		{63D213B7-E58E-4D22-9F60-7555EA0A3589}.Debug|Default.ActiveCfg = Debug
		{63D213B7-E58E-4D22-9F60-7555EA0A3589}.Debug|Default.Build.0 = DebugLocal
		{63D213B7-E58E-4D22-9F60-7555EA0A3589}.Debug|Default.Deploy.0 = DebugLocal
		{63D213B7-E58E-4D22-9F60-7555EA0A3589}.DebugLocal|Default.ActiveCfg = DebugLocal
		{63D213B7-E58E-4D22-9F60-7555EA0A3589}.DebugLocal|Default.Build.0 = DebugLocal
		{63D213B7-E58E-4D22-9F60-7555EA0A3589}.Production|Default.ActiveCfg = Production
		{63D213B7-E58E-4D22-9F60-7555EA0A3589}.Production|Default.Build.0 = Production
		{63D213B7-E58E-4D22-9F60-7555EA0A3589}.Production|Default.Deploy.0 = Production
	EndGlobalSection
	GlobalSection(SolutionProperties) = preSolution
		HideSolutionNode = FALSE
	EndGlobalSection
EndGlobal
