
Microsoft Visual Studio Solution File, Format Version 9.00
# Visual Studio 2005
Project("{999D2CB9-9277-4465-A902-1604ED3686A3}") = "Person", "Person\Person.smdlproj", "{28999E0D-C256-4156-8E62-4329CA2F7B7A}"
EndProject
Global
	GlobalSection(SourceCodeControl) = preSolution
		SccNumberOfProjects = 2
		SccProjectName0 = \u0022$/ReportServer/Model\u0022,\u0020KHLAAAAA
		SccLocalPath0 = .
		SccProvider0 = MSSCCI:Microsoft\u0020Visual\u0020SourceSafe
		CanCheckoutShared = false
		SccProjectUniqueName1 = Person\\Person.smdlproj
		SccLocalPath1 = .
		CanCheckoutShared = false
		SccProjectFilePathRelativizedFromConnection1 = Person\\
	EndGlobalSection
	GlobalSection(SolutionConfigurationPlatforms) = preSolution
		Production|Default = Production|Default
	EndGlobalSection
	GlobalSection(ProjectConfigurationPlatforms) = postSolution
		{28999E0D-C256-4156-8E62-4329CA2F7B7A}.Production|Default.ActiveCfg = Production
		{28999E0D-C256-4156-8E62-4329CA2F7B7A}.Production|Default.Build.0 = Production
		{28999E0D-C256-4156-8E62-4329CA2F7B7A}.Production|Default.Deploy.0 = Production
	EndGlobalSection
	GlobalSection(SolutionProperties) = preSolution
		HideSolutionNode = FALSE
	EndGlobalSection
EndGlobal
