
Microsoft Visual Studio Solution File, Format Version 9.00
# Visual Studio 2005
Project("{F14B399A-7131-4C87-9E4B-1186C45EF12D}") = "Strike-rate", "Strike-rate\Strike-rate.rptproj", "{5692774B-D029-402A-AF67-1F8A12C7BBEC}"
EndProject
Global
	GlobalSection(SourceCodeControl) = preSolution
		SccNumberOfProjects = 2
		SccProjectName0 = \u0022$/ReportServer/Strike-rate\u0022,\u0020ZEBBAAAA
		SccLocalPath0 = .
		SccProvider0 = MSSCCI:Microsoft\u0020Visual\u0020SourceSafe
		CanCheckoutShared = false
		SccProjectUniqueName1 = Strike-rate\\Strike-rate.rptproj
		SccLocalPath1 = .
		CanCheckoutShared = false
		SccProjectFilePathRelativizedFromConnection1 = Strike-rate\\
	EndGlobalSection
	GlobalSection(SolutionConfigurationPlatforms) = preSolution
		Debug|Default = Debug|Default
		DebugLocal|Default = DebugLocal|Default
		Production|Default = Production|Default
	EndGlobalSection
	GlobalSection(ProjectConfigurationPlatforms) = postSolution
		{5692774B-D029-402A-AF67-1F8A12C7BBEC}.Debug|Default.ActiveCfg = Debug
		{5692774B-D029-402A-AF67-1F8A12C7BBEC}.Debug|Default.Build.0 = DebugLocal
		{5692774B-D029-402A-AF67-1F8A12C7BBEC}.Debug|Default.Deploy.0 = DebugLocal
		{5692774B-D029-402A-AF67-1F8A12C7BBEC}.DebugLocal|Default.ActiveCfg = DebugLocal
		{5692774B-D029-402A-AF67-1F8A12C7BBEC}.DebugLocal|Default.Build.0 = DebugLocal
		{5692774B-D029-402A-AF67-1F8A12C7BBEC}.Production|Default.ActiveCfg = Production
		{5692774B-D029-402A-AF67-1F8A12C7BBEC}.Production|Default.Build.0 = Production
		{5692774B-D029-402A-AF67-1F8A12C7BBEC}.Production|Default.Deploy.0 = Production
	EndGlobalSection
	GlobalSection(SolutionProperties) = preSolution
		HideSolutionNode = FALSE
	EndGlobalSection
EndGlobal
