
Microsoft Visual Studio Solution File, Format Version 9.00
# Visual Studio 2005
Project("{F14B399A-7131-4C87-9E4B-1186C45EF12D}") = "Платежи со времени последней инк", "Платежи со времени последней инк\Платежи со времени последней инк.rptproj", "{939FBF75-80AD-459C-84C9-2A0EF7A6ABF0}"
EndProject
Global
	GlobalSection(SolutionConfigurationPlatforms) = preSolution
		Debug|Default = Debug|Default
		DebugLocal|Default = DebugLocal|Default
		Production|Default = Production|Default
	EndGlobalSection
	GlobalSection(ProjectConfigurationPlatforms) = postSolution
		{939FBF75-80AD-459C-84C9-2A0EF7A6ABF0}.Debug|Default.ActiveCfg = Debug
		{939FBF75-80AD-459C-84C9-2A0EF7A6ABF0}.Debug|Default.Build.0 = DebugLocal
		{939FBF75-80AD-459C-84C9-2A0EF7A6ABF0}.Debug|Default.Deploy.0 = DebugLocal
		{939FBF75-80AD-459C-84C9-2A0EF7A6ABF0}.DebugLocal|Default.ActiveCfg = DebugLocal
		{939FBF75-80AD-459C-84C9-2A0EF7A6ABF0}.DebugLocal|Default.Build.0 = DebugLocal
		{939FBF75-80AD-459C-84C9-2A0EF7A6ABF0}.Production|Default.ActiveCfg = Production
		{939FBF75-80AD-459C-84C9-2A0EF7A6ABF0}.Production|Default.Build.0 = Production
		{939FBF75-80AD-459C-84C9-2A0EF7A6ABF0}.Production|Default.Deploy.0 = Production
	EndGlobalSection
	GlobalSection(SolutionProperties) = preSolution
		HideSolutionNode = FALSE
	EndGlobalSection
EndGlobal
