
Microsoft Visual Studio Solution File, Format Version 9.00
# Visual Studio 2005
Project("{F14B399A-7131-4C87-9E4B-1186C45EF12D}") = "Report Project3", "Report Project3\Report Project3.rptproj", "{47EAC2F9-470B-4DBC-9C44-0B56D3E3E5EA}"
EndProject
Global
	GlobalSection(SourceCodeControl) = preSolution
		SccNumberOfProjects = 2
		SccProjectName0 = \u0022$/ReportServer/Состояние\u0020ремфонда/Остатки\u0020на\u0020дату\u0022,\u0020KHCBAAAA
		SccLocalPath0 = .
		SccProvider0 = MSSCCI:Microsoft\u0020Visual\u0020SourceSafe
		CanCheckoutShared = false
		SccProjectUniqueName1 = Report\u0020Project3\\Report\u0020Project3.rptproj
		SccLocalPath1 = .
		CanCheckoutShared = false
		SccProjectFilePathRelativizedFromConnection1 = Report\u0020Project3\\
	EndGlobalSection
	GlobalSection(SolutionConfigurationPlatforms) = preSolution
		Debug|Default = Debug|Default
		DebugLocal|Default = DebugLocal|Default
		Production|Default = Production|Default
	EndGlobalSection
	GlobalSection(ProjectConfigurationPlatforms) = postSolution
		{47EAC2F9-470B-4DBC-9C44-0B56D3E3E5EA}.Debug|Default.ActiveCfg = Debug
		{47EAC2F9-470B-4DBC-9C44-0B56D3E3E5EA}.Debug|Default.Build.0 = DebugLocal
		{47EAC2F9-470B-4DBC-9C44-0B56D3E3E5EA}.Debug|Default.Deploy.0 = DebugLocal
		{47EAC2F9-470B-4DBC-9C44-0B56D3E3E5EA}.DebugLocal|Default.ActiveCfg = DebugLocal
		{47EAC2F9-470B-4DBC-9C44-0B56D3E3E5EA}.DebugLocal|Default.Build.0 = DebugLocal
		{47EAC2F9-470B-4DBC-9C44-0B56D3E3E5EA}.Production|Default.ActiveCfg = Production
		{47EAC2F9-470B-4DBC-9C44-0B56D3E3E5EA}.Production|Default.Build.0 = Production
		{47EAC2F9-470B-4DBC-9C44-0B56D3E3E5EA}.Production|Default.Deploy.0 = Production
	EndGlobalSection
	GlobalSection(SolutionProperties) = preSolution
		HideSolutionNode = FALSE
	EndGlobalSection
EndGlobal
