
Microsoft Visual Studio Solution File, Format Version 9.00
# Visual Studio 2005
Project("{F14B399A-7131-4C87-9E4B-1186C45EF12D}") = "Статистика работы ИТ-поддержки", "Статистика работы ИТ-поддержки\Статистика работы ИТ-поддержки.rptproj", "{CD27720B-EDBD-4303-85A7-08E1572983C7}"
EndProject
Global
	GlobalSection(SourceCodeControl) = preSolution
		SccNumberOfProjects = 2
		SccProjectName0 = \u0022$/ReportServer/Статистика\u0020работы\u0020ИТ-поддержки\u0022,\u0020BHNBAAAA
		SccLocalPath0 = .
		SccProvider0 = MSSCCI:Microsoft\u0020Visual\u0020SourceSafe
		CanCheckoutShared = false
		SccProjectUniqueName1 = Статистика\u0020работы\u0020ИТ-поддержки\\Статистика\u0020работы\u0020ИТ-поддержки.rptproj
		SccLocalPath1 = .
		CanCheckoutShared = false
		SccProjectFilePathRelativizedFromConnection1 = Статистика\u0020работы\u0020ИТ-поддержки\\
	EndGlobalSection
	GlobalSection(SolutionConfigurationPlatforms) = preSolution
		Debug|Default = Debug|Default
		DebugLocal|Default = DebugLocal|Default
		Production|Default = Production|Default
	EndGlobalSection
	GlobalSection(ProjectConfigurationPlatforms) = postSolution
		{CD27720B-EDBD-4303-85A7-08E1572983C7}.Debug|Default.ActiveCfg = Debug
		{CD27720B-EDBD-4303-85A7-08E1572983C7}.Debug|Default.Build.0 = DebugLocal
		{CD27720B-EDBD-4303-85A7-08E1572983C7}.Debug|Default.Deploy.0 = DebugLocal
		{CD27720B-EDBD-4303-85A7-08E1572983C7}.DebugLocal|Default.ActiveCfg = DebugLocal
		{CD27720B-EDBD-4303-85A7-08E1572983C7}.DebugLocal|Default.Build.0 = DebugLocal
		{CD27720B-EDBD-4303-85A7-08E1572983C7}.Production|Default.ActiveCfg = Production
		{CD27720B-EDBD-4303-85A7-08E1572983C7}.Production|Default.Build.0 = Production
		{CD27720B-EDBD-4303-85A7-08E1572983C7}.Production|Default.Deploy.0 = Production
	EndGlobalSection
	GlobalSection(SolutionProperties) = preSolution
		HideSolutionNode = FALSE
	EndGlobalSection
EndGlobal
