
Microsoft Visual Studio Solution File, Format Version 9.00
# Visual Studio 2005
Project("{F14B399A-7131-4C87-9E4B-1186C45EF12D}") = "Доходы по нижней комиссии", "Доходы по нижней комиссии\Доходы по нижней комиссии.rptproj", "{770423E8-D1C8-472A-B5EA-1B86BAA64266}"
EndProject
Global
	GlobalSection(SourceCodeControl) = preSolution
		SccNumberOfProjects = 2
		SccProjectName0 = \u0022$/ReportServer/Доходы\u0020по\u0020нижней\u0020комиссии\u0022,\u0020YOIBAAAA
		SccLocalPath0 = .
		SccProvider0 = MSSCCI:Microsoft\u0020Visual\u0020SourceSafe
		CanCheckoutShared = false
		SccProjectUniqueName1 = Доходы\u0020по\u0020нижней\u0020комиссии\\Доходы\u0020по\u0020нижней\u0020комиссии.rptproj
		SccLocalPath1 = .
		CanCheckoutShared = false
		SccProjectFilePathRelativizedFromConnection1 = Доходы\u0020по\u0020нижней\u0020комиссии\\
	EndGlobalSection
	GlobalSection(SolutionConfigurationPlatforms) = preSolution
		Debug|Default = Debug|Default
		DebugLocal|Default = DebugLocal|Default
		Production|Default = Production|Default
	EndGlobalSection
	GlobalSection(ProjectConfigurationPlatforms) = postSolution
		{770423E8-D1C8-472A-B5EA-1B86BAA64266}.Debug|Default.ActiveCfg = Debug
		{770423E8-D1C8-472A-B5EA-1B86BAA64266}.Debug|Default.Build.0 = DebugLocal
		{770423E8-D1C8-472A-B5EA-1B86BAA64266}.Debug|Default.Deploy.0 = DebugLocal
		{770423E8-D1C8-472A-B5EA-1B86BAA64266}.DebugLocal|Default.ActiveCfg = DebugLocal
		{770423E8-D1C8-472A-B5EA-1B86BAA64266}.DebugLocal|Default.Build.0 = DebugLocal
		{770423E8-D1C8-472A-B5EA-1B86BAA64266}.Production|Default.ActiveCfg = Production
		{770423E8-D1C8-472A-B5EA-1B86BAA64266}.Production|Default.Build.0 = Production
		{770423E8-D1C8-472A-B5EA-1B86BAA64266}.Production|Default.Deploy.0 = Production
	EndGlobalSection
	GlobalSection(SolutionProperties) = preSolution
		HideSolutionNode = FALSE
	EndGlobalSection
EndGlobal
