
Microsoft Visual Studio Solution File, Format Version 9.00
# Visual Studio 2005
Project("{F14B399A-7131-4C87-9E4B-1186C45EF12D}") = "Report Project5", "Report Project5\Report Project5.rptproj", "{722AF4F3-0C6E-469D-8D83-931068F7C283}"
EndProject
Global
	GlobalSection(SourceCodeControl) = preSolution
		SccNumberOfProjects = 2
		SccProjectName0 = \u0022$/ReportServer/Кошельки\u0020Орими\u0022,\u0020YPIBAAAA
		SccLocalPath0 = .
		SccProvider0 = MSSCCI:Microsoft\u0020Visual\u0020SourceSafe
		CanCheckoutShared = false
		SccProjectUniqueName1 = Report\u0020Project5\\Report\u0020Project5.rptproj
		SccLocalPath1 = .
		CanCheckoutShared = false
		SccProjectFilePathRelativizedFromConnection1 = Report\u0020Project5\\
	EndGlobalSection
	GlobalSection(SolutionConfigurationPlatforms) = preSolution
		Debug|Default = Debug|Default
		DebugLocal|Default = DebugLocal|Default
		Production|Default = Production|Default
	EndGlobalSection
	GlobalSection(ProjectConfigurationPlatforms) = postSolution
		{722AF4F3-0C6E-469D-8D83-931068F7C283}.Debug|Default.ActiveCfg = Debug
		{722AF4F3-0C6E-469D-8D83-931068F7C283}.Debug|Default.Build.0 = DebugLocal
		{722AF4F3-0C6E-469D-8D83-931068F7C283}.Debug|Default.Deploy.0 = DebugLocal
		{722AF4F3-0C6E-469D-8D83-931068F7C283}.DebugLocal|Default.ActiveCfg = DebugLocal
		{722AF4F3-0C6E-469D-8D83-931068F7C283}.DebugLocal|Default.Build.0 = DebugLocal
		{722AF4F3-0C6E-469D-8D83-931068F7C283}.Production|Default.ActiveCfg = Production
		{722AF4F3-0C6E-469D-8D83-931068F7C283}.Production|Default.Build.0 = Production
		{722AF4F3-0C6E-469D-8D83-931068F7C283}.Production|Default.Deploy.0 = Production
	EndGlobalSection
	GlobalSection(SolutionProperties) = preSolution
		HideSolutionNode = FALSE
	EndGlobalSection
EndGlobal
