
Microsoft Visual Studio Solution File, Format Version 9.00
# Visual Studio 2005
Project("{F14B399A-7131-4C87-9E4B-1186C45EF12D}") = "Маршрутный лист инкассатора", "Маршрутный лист инкассатора\Маршрутный лист инкассатора.rptproj", "{0A67A4EA-5EDF-480E-96A8-9765084E702D}"
EndProject
Global
	GlobalSection(SourceCodeControl) = preSolution
		SccNumberOfProjects = 2
		SccProjectName0 = \u0022$/ReportServer/Маршрутный\u0020лист\u0020инкассатора\u0022,\u0020YESBAAAA
		SccLocalPath0 = .
		SccProvider0 = MSSCCI:Microsoft\u0020Visual\u0020SourceSafe
		CanCheckoutShared = false
		SccProjectUniqueName1 = Маршрутный\u0020лист\u0020инкассатора\\Маршрутный\u0020лист\u0020инкассатора.rptproj
		SccLocalPath1 = .
		CanCheckoutShared = false
		SccProjectFilePathRelativizedFromConnection1 = Маршрутный\u0020лист\u0020инкассатора\\
	EndGlobalSection
	GlobalSection(SolutionConfigurationPlatforms) = preSolution
		Debug|Default = Debug|Default
		DebugLocal|Default = DebugLocal|Default
		Production|Default = Production|Default
	EndGlobalSection
	GlobalSection(ProjectConfigurationPlatforms) = postSolution
		{0A67A4EA-5EDF-480E-96A8-9765084E702D}.Debug|Default.ActiveCfg = Debug
		{0A67A4EA-5EDF-480E-96A8-9765084E702D}.Debug|Default.Build.0 = DebugLocal
		{0A67A4EA-5EDF-480E-96A8-9765084E702D}.Debug|Default.Deploy.0 = DebugLocal
		{0A67A4EA-5EDF-480E-96A8-9765084E702D}.DebugLocal|Default.ActiveCfg = DebugLocal
		{0A67A4EA-5EDF-480E-96A8-9765084E702D}.DebugLocal|Default.Build.0 = DebugLocal
		{0A67A4EA-5EDF-480E-96A8-9765084E702D}.Production|Default.ActiveCfg = Production
		{0A67A4EA-5EDF-480E-96A8-9765084E702D}.Production|Default.Build.0 = Production
		{0A67A4EA-5EDF-480E-96A8-9765084E702D}.Production|Default.Deploy.0 = Production
	EndGlobalSection
	GlobalSection(SolutionProperties) = preSolution
		HideSolutionNode = FALSE
	EndGlobalSection
EndGlobal
