
Microsoft Visual Studio Solution File, Format Version 9.00
# Visual Studio 2005
Project("{F14B399A-7131-4C87-9E4B-1186C45EF12D}") = "КТУ", "КТУ\КТУ.rptproj", "{CD3B6342-C492-4F4C-94AF-94A89DBDA31F}"
EndProject
Global
	GlobalSection(SourceCodeControl) = preSolution
		SccNumberOfProjects = 2
		SccProjectName0 = \u0022$/ReportServer/Производительность\u0020сотрудников\u0020склада\u0022,\u0020WUIBAAAA
		SccLocalPath0 = .
		SccProvider0 = MSSCCI:Microsoft\u0020Visual\u0020SourceSafe
		CanCheckoutShared = false
		SccProjectUniqueName1 = КТУ\\КТУ.rptproj
		SccLocalPath1 = .
		CanCheckoutShared = false
		SccProjectFilePathRelativizedFromConnection1 = КТУ\\
	EndGlobalSection
	GlobalSection(SolutionConfigurationPlatforms) = preSolution
		Debug|Default = Debug|Default
		DebugLocal|Default = DebugLocal|Default
		Production|Default = Production|Default
	EndGlobalSection
	GlobalSection(ProjectConfigurationPlatforms) = postSolution
		{CD3B6342-C492-4F4C-94AF-94A89DBDA31F}.Debug|Default.ActiveCfg = Debug
		{CD3B6342-C492-4F4C-94AF-94A89DBDA31F}.Debug|Default.Build.0 = DebugLocal
		{CD3B6342-C492-4F4C-94AF-94A89DBDA31F}.Debug|Default.Deploy.0 = DebugLocal
		{CD3B6342-C492-4F4C-94AF-94A89DBDA31F}.DebugLocal|Default.ActiveCfg = DebugLocal
		{CD3B6342-C492-4F4C-94AF-94A89DBDA31F}.DebugLocal|Default.Build.0 = DebugLocal
		{CD3B6342-C492-4F4C-94AF-94A89DBDA31F}.Production|Default.ActiveCfg = Production
		{CD3B6342-C492-4F4C-94AF-94A89DBDA31F}.Production|Default.Build.0 = Production
		{CD3B6342-C492-4F4C-94AF-94A89DBDA31F}.Production|Default.Deploy.0 = Production
	EndGlobalSection
	GlobalSection(SolutionProperties) = preSolution
		HideSolutionNode = FALSE
	EndGlobalSection
EndGlobal
