
Microsoft Visual Studio Solution File, Format Version 9.00
# Visual Studio 2005
Project("{F14B399A-7131-4C87-9E4B-1186C45EF12D}") = "Ошибки верхних ярусов", "Ошибки верхних ярусов\Ошибки верхних ярусов.rptproj", "{43378E60-E01F-44D2-BEE7-C47FC80AE222}"
EndProject
Global
	GlobalSection(SolutionConfigurationPlatforms) = preSolution
		Debug|Default = Debug|Default
		DebugLocal|Default = DebugLocal|Default
		Production|Default = Production|Default
	EndGlobalSection
	GlobalSection(ProjectConfigurationPlatforms) = postSolution
		{43378E60-E01F-44D2-BEE7-C47FC80AE222}.Debug|Default.ActiveCfg = Debug
		{43378E60-E01F-44D2-BEE7-C47FC80AE222}.Debug|Default.Build.0 = DebugLocal
		{43378E60-E01F-44D2-BEE7-C47FC80AE222}.Debug|Default.Deploy.0 = DebugLocal
		{43378E60-E01F-44D2-BEE7-C47FC80AE222}.DebugLocal|Default.ActiveCfg = DebugLocal
		{43378E60-E01F-44D2-BEE7-C47FC80AE222}.DebugLocal|Default.Build.0 = DebugLocal
		{43378E60-E01F-44D2-BEE7-C47FC80AE222}.Production|Default.ActiveCfg = Production
		{43378E60-E01F-44D2-BEE7-C47FC80AE222}.Production|Default.Build.0 = Production
		{43378E60-E01F-44D2-BEE7-C47FC80AE222}.Production|Default.Deploy.0 = Production
	EndGlobalSection
	GlobalSection(SolutionProperties) = preSolution
		HideSolutionNode = FALSE
	EndGlobalSection
EndGlobal
