
Microsoft Visual Studio Solution File, Format Version 9.00
# Visual Studio 2005
Project("{F14B399A-7131-4C87-9E4B-1186C45EF12D}") = "Отчет о переплатах по аренде", "Отчет о переплатах по аренде\Отчет о переплатах по аренде.rptproj", "{5D5DA9C5-5369-415E-9ABD-7C4AD5A74A1A}"
EndProject
Global
	GlobalSection(SourceCodeControl) = preSolution
		SccNumberOfProjects = 2
		SccProjectName0 = \u0022$/ReportServer/Отчет\u0020о\u0020переплатах\u0020по\u0020аренде\u0022,\u0020PVTAAAAA
		SccLocalPath0 = .
		SccProvider0 = MSSCCI:Microsoft\u0020Visual\u0020SourceSafe
		CanCheckoutShared = false
		SccProjectUniqueName1 = Отчет\u0020о\u0020переплатах\u0020по\u0020аренде\\Отчет\u0020о\u0020переплатах\u0020по\u0020аренде.rptproj
		SccLocalPath1 = .
		CanCheckoutShared = false
		SccProjectFilePathRelativizedFromConnection1 = Отчет\u0020о\u0020переплатах\u0020по\u0020аренде\\
	EndGlobalSection
	GlobalSection(SolutionConfigurationPlatforms) = preSolution
		Debug|Default = Debug|Default
		DebugLocal|Default = DebugLocal|Default
		Production|Default = Production|Default
	EndGlobalSection
	GlobalSection(ProjectConfigurationPlatforms) = postSolution
		{5D5DA9C5-5369-415E-9ABD-7C4AD5A74A1A}.Debug|Default.ActiveCfg = Debug
		{5D5DA9C5-5369-415E-9ABD-7C4AD5A74A1A}.Debug|Default.Build.0 = DebugLocal
		{5D5DA9C5-5369-415E-9ABD-7C4AD5A74A1A}.Debug|Default.Deploy.0 = DebugLocal
		{5D5DA9C5-5369-415E-9ABD-7C4AD5A74A1A}.DebugLocal|Default.ActiveCfg = DebugLocal
		{5D5DA9C5-5369-415E-9ABD-7C4AD5A74A1A}.DebugLocal|Default.Build.0 = DebugLocal
		{5D5DA9C5-5369-415E-9ABD-7C4AD5A74A1A}.Production|Default.ActiveCfg = Production
		{5D5DA9C5-5369-415E-9ABD-7C4AD5A74A1A}.Production|Default.Build.0 = Production
		{5D5DA9C5-5369-415E-9ABD-7C4AD5A74A1A}.Production|Default.Deploy.0 = Production
	EndGlobalSection
	GlobalSection(SolutionProperties) = preSolution
		HideSolutionNode = FALSE
	EndGlobalSection
EndGlobal
