
Microsoft Visual Studio Solution File, Format Version 9.00
# Visual Studio 2005
Project("{F14B399A-7131-4C87-9E4B-1186C45EF12D}") = "Отчет по тарифным планам субдилеров", "Отчет по тарифным планам субдилеров\Отчет по тарифным планам субдилеров.rptproj", "{68EBE8BD-A5E4-46DB-9581-2E5D27452C7B}"
EndProject
Global
	GlobalSection(SourceCodeControl) = preSolution
		SccNumberOfProjects = 2
		SccProjectName0 = \u0022$/ReportServer/Отчет\u0020по\u0020тарифным\u0020планам\u0020субдилеров\u0022,\u0020WKOBAAAA
		SccLocalPath0 = .
		SccProvider0 = MSSCCI:Microsoft\u0020Visual\u0020SourceSafe
		CanCheckoutShared = false
		SccProjectUniqueName1 = Отчет\u0020по\u0020тарифным\u0020планам\u0020субдилеров\\Отчет\u0020по\u0020тарифным\u0020планам\u0020субдилеров.rptproj
		SccLocalPath1 = .
		CanCheckoutShared = false
		SccProjectFilePathRelativizedFromConnection1 = Отчет\u0020по\u0020тарифным\u0020планам\u0020субдилеров\\
	EndGlobalSection
	GlobalSection(SolutionConfigurationPlatforms) = preSolution
		Debug|Default = Debug|Default
		DebugLocal|Default = DebugLocal|Default
		Production|Default = Production|Default
	EndGlobalSection
	GlobalSection(ProjectConfigurationPlatforms) = postSolution
		{68EBE8BD-A5E4-46DB-9581-2E5D27452C7B}.Debug|Default.ActiveCfg = Debug
		{68EBE8BD-A5E4-46DB-9581-2E5D27452C7B}.Debug|Default.Build.0 = DebugLocal
		{68EBE8BD-A5E4-46DB-9581-2E5D27452C7B}.Debug|Default.Deploy.0 = DebugLocal
		{68EBE8BD-A5E4-46DB-9581-2E5D27452C7B}.DebugLocal|Default.ActiveCfg = DebugLocal
		{68EBE8BD-A5E4-46DB-9581-2E5D27452C7B}.DebugLocal|Default.Build.0 = DebugLocal
		{68EBE8BD-A5E4-46DB-9581-2E5D27452C7B}.Production|Default.ActiveCfg = Production
		{68EBE8BD-A5E4-46DB-9581-2E5D27452C7B}.Production|Default.Build.0 = Production
		{68EBE8BD-A5E4-46DB-9581-2E5D27452C7B}.Production|Default.Deploy.0 = Production
	EndGlobalSection
	GlobalSection(SolutionProperties) = preSolution
		HideSolutionNode = FALSE
	EndGlobalSection
EndGlobal
