
Microsoft Visual Studio Solution File, Format Version 9.00
# Visual Studio 2005
Project("{F14B399A-7131-4C87-9E4B-1186C45EF12D}") = "Report Project6", "Report Project6\Report Project6.rptproj", "{830F9FFD-C773-4C47-8C0E-6FCFEE045657}"
EndProject
Global
	GlobalSection(SourceCodeControl) = preSolution
		SccNumberOfProjects = 2
		SccProjectName0 = \u0022$/ReportServer/Состояние\u0020ремфонда/Движение\u0020коплектующих\u0022,\u0020OLCBAAAA
		SccLocalPath0 = .
		SccProvider0 = MSSCCI:Microsoft\u0020Visual\u0020SourceSafe
		CanCheckoutShared = false
		SccProjectUniqueName1 = Report\u0020Project6\\Report\u0020Project6.rptproj
		SccLocalPath1 = .
		CanCheckoutShared = false
		SccProjectFilePathRelativizedFromConnection1 = Report\u0020Project6\\
	EndGlobalSection
	GlobalSection(SolutionConfigurationPlatforms) = preSolution
		Debug|Default = Debug|Default
		DebugLocal|Default = DebugLocal|Default
		Production|Default = Production|Default
	EndGlobalSection
	GlobalSection(ProjectConfigurationPlatforms) = postSolution
		{830F9FFD-C773-4C47-8C0E-6FCFEE045657}.Debug|Default.ActiveCfg = Debug
		{830F9FFD-C773-4C47-8C0E-6FCFEE045657}.Debug|Default.Build.0 = DebugLocal
		{830F9FFD-C773-4C47-8C0E-6FCFEE045657}.Debug|Default.Deploy.0 = DebugLocal
		{830F9FFD-C773-4C47-8C0E-6FCFEE045657}.DebugLocal|Default.ActiveCfg = DebugLocal
		{830F9FFD-C773-4C47-8C0E-6FCFEE045657}.DebugLocal|Default.Build.0 = DebugLocal
		{830F9FFD-C773-4C47-8C0E-6FCFEE045657}.Production|Default.ActiveCfg = Production
		{830F9FFD-C773-4C47-8C0E-6FCFEE045657}.Production|Default.Build.0 = Production
		{830F9FFD-C773-4C47-8C0E-6FCFEE045657}.Production|Default.Deploy.0 = Production
	EndGlobalSection
	GlobalSection(SolutionProperties) = preSolution
		HideSolutionNode = FALSE
	EndGlobalSection
EndGlobal
