
Microsoft Visual Studio Solution File, Format Version 9.00
# Visual Studio 2005
Project("{F14B399A-7131-4C87-9E4B-1186C45EF12D}") = "Журнал изменений данных", "Журнал изменений данных\Журнал изменений данных.rptproj", "{7769C1ED-B2C4-4028-B38A-EC27D477BDA7}"
EndProject
Global
	GlobalSection(SourceCodeControl) = preSolution
		SccNumberOfProjects = 2
		SccProjectName0 = \u0022$/ReportServer/Журнал\u0020изменений\u0020данных\u0022,\u0020GYABAAAA
		SccLocalPath0 = .
		SccProvider0 = MSSCCI:Microsoft\u0020Visual\u0020SourceSafe
		CanCheckoutShared = false
		SccProjectUniqueName1 = Журнал\u0020изменений\u0020данных\\Журнал\u0020изменений\u0020данных.rptproj
		SccLocalPath1 = .
		CanCheckoutShared = false
		SccProjectFilePathRelativizedFromConnection1 = Журнал\u0020изменений\u0020данных\\
	EndGlobalSection
	GlobalSection(SolutionConfigurationPlatforms) = preSolution
		Debug|Default = Debug|Default
		DebugLocal|Default = DebugLocal|Default
		Production|Default = Production|Default
	EndGlobalSection
	GlobalSection(ProjectConfigurationPlatforms) = postSolution
		{7769C1ED-B2C4-4028-B38A-EC27D477BDA7}.Debug|Default.ActiveCfg = Debug
		{7769C1ED-B2C4-4028-B38A-EC27D477BDA7}.Debug|Default.Build.0 = DebugLocal
		{7769C1ED-B2C4-4028-B38A-EC27D477BDA7}.Debug|Default.Deploy.0 = DebugLocal
		{7769C1ED-B2C4-4028-B38A-EC27D477BDA7}.DebugLocal|Default.ActiveCfg = DebugLocal
		{7769C1ED-B2C4-4028-B38A-EC27D477BDA7}.DebugLocal|Default.Build.0 = DebugLocal
		{7769C1ED-B2C4-4028-B38A-EC27D477BDA7}.Production|Default.ActiveCfg = Production
		{7769C1ED-B2C4-4028-B38A-EC27D477BDA7}.Production|Default.Build.0 = Production
		{7769C1ED-B2C4-4028-B38A-EC27D477BDA7}.Production|Default.Deploy.0 = Production
	EndGlobalSection
	GlobalSection(SolutionProperties) = preSolution
		HideSolutionNode = FALSE
	EndGlobalSection
EndGlobal
