
Microsoft Visual Studio Solution File, Format Version 9.00
# Visual Studio 2005
Project("{F14B399A-7131-4C87-9E4B-1186C45EF12D}") = "Report Project7", "Report Project7\Report Project7.rptproj", "{2D86DB08-18FC-4A37-B808-AF0B2E78B7AD}"
EndProject
Global
	GlobalSection(SourceCodeControl) = preSolution
		SccNumberOfProjects = 2
		SccProjectName0 = \u0022$/ReportServer/Отгрузки\u0020ПЛ_Дмитров_Серпухов\u0022,\u0020POCBAAAA
		SccLocalPath0 = .
		SccProvider0 = MSSCCI:Microsoft\u0020Visual\u0020SourceSafe
		CanCheckoutShared = false
		SccProjectUniqueName1 = Report\u0020Project7\\Report\u0020Project7.rptproj
		SccLocalPath1 = .
		CanCheckoutShared = false
		SccProjectFilePathRelativizedFromConnection1 = Report\u0020Project7\\
	EndGlobalSection
	GlobalSection(SolutionConfigurationPlatforms) = preSolution
		Debug|Default = Debug|Default
		DebugLocal|Default = DebugLocal|Default
		Production|Default = Production|Default
	EndGlobalSection
	GlobalSection(ProjectConfigurationPlatforms) = postSolution
		{2D86DB08-18FC-4A37-B808-AF0B2E78B7AD}.Debug|Default.ActiveCfg = Debug
		{2D86DB08-18FC-4A37-B808-AF0B2E78B7AD}.Debug|Default.Build.0 = DebugLocal
		{2D86DB08-18FC-4A37-B808-AF0B2E78B7AD}.Debug|Default.Deploy.0 = DebugLocal
		{2D86DB08-18FC-4A37-B808-AF0B2E78B7AD}.DebugLocal|Default.ActiveCfg = DebugLocal
		{2D86DB08-18FC-4A37-B808-AF0B2E78B7AD}.DebugLocal|Default.Build.0 = DebugLocal
		{2D86DB08-18FC-4A37-B808-AF0B2E78B7AD}.Production|Default.ActiveCfg = Production
		{2D86DB08-18FC-4A37-B808-AF0B2E78B7AD}.Production|Default.Build.0 = Production
		{2D86DB08-18FC-4A37-B808-AF0B2E78B7AD}.Production|Default.Deploy.0 = Production
	EndGlobalSection
	GlobalSection(SolutionProperties) = preSolution
		HideSolutionNode = FALSE
	EndGlobalSection
EndGlobal
