
Microsoft Visual Studio Solution File, Format Version 9.00
# Visual Studio 2005
Project("{F14B399A-7131-4C87-9E4B-1186C45EF12D}") = "Report Project5", "Report Project5\Report Project5.rptproj", "{1AF97889-F1DF-4A07-BF5D-E87CAB5C6588}"
EndProject
Global
	GlobalSection(SourceCodeControl) = preSolution
		SccNumberOfProjects = 2
		SccProjectName0 = \u0022$/ReportServer/Состояние\u0020ремфонда/Отгрузка\u0020комплектующих\u0022,\u0020XJCBAAAA
		SccLocalPath0 = .
		SccProvider0 = MSSCCI:Microsoft\u0020Visual\u0020SourceSafe
		CanCheckoutShared = false
		SccProjectUniqueName1 = Report\u0020Project5\\Report\u0020Project5.rptproj
		SccLocalPath1 = .
		CanCheckoutShared = false
		SccProjectFilePathRelativizedFromConnection1 = Report\u0020Project5\\
	EndGlobalSection
	GlobalSection(SolutionConfigurationPlatforms) = preSolution
		Debug|Default = Debug|Default
		DebugLocal|Default = DebugLocal|Default
		Production|Default = Production|Default
	EndGlobalSection
	GlobalSection(ProjectConfigurationPlatforms) = postSolution
		{1AF97889-F1DF-4A07-BF5D-E87CAB5C6588}.Debug|Default.ActiveCfg = Debug
		{1AF97889-F1DF-4A07-BF5D-E87CAB5C6588}.Debug|Default.Build.0 = DebugLocal
		{1AF97889-F1DF-4A07-BF5D-E87CAB5C6588}.Debug|Default.Deploy.0 = DebugLocal
		{1AF97889-F1DF-4A07-BF5D-E87CAB5C6588}.DebugLocal|Default.ActiveCfg = DebugLocal
		{1AF97889-F1DF-4A07-BF5D-E87CAB5C6588}.DebugLocal|Default.Build.0 = DebugLocal
		{1AF97889-F1DF-4A07-BF5D-E87CAB5C6588}.Production|Default.ActiveCfg = Production
		{1AF97889-F1DF-4A07-BF5D-E87CAB5C6588}.Production|Default.Build.0 = Production
		{1AF97889-F1DF-4A07-BF5D-E87CAB5C6588}.Production|Default.Deploy.0 = Production
	EndGlobalSection
	GlobalSection(SolutionProperties) = preSolution
		HideSolutionNode = FALSE
	EndGlobalSection
EndGlobal
