
Microsoft Visual Studio Solution File, Format Version 9.00
# Visual Studio 2005
Project("{F14B399A-7131-4C87-9E4B-1186C45EF12D}") = "martix_dblog", "martix_dblog\martix_dblog.rptproj", "{3B1BCD30-6DFA-4E25-82F1-62E672F8A236}"
EndProject
Global
	GlobalSection(SourceCodeControl) = preSolution
		SccNumberOfProjects = 2
		SccProjectName0 = \u0022$/ReportServer/martix_dblog\u0022,\u0020VQABAAAA
		SccLocalPath0 = .
		SccProvider0 = MSSCCI:Microsoft\u0020Visual\u0020SourceSafe
		CanCheckoutShared = false
		SccProjectUniqueName1 = martix_dblog\\martix_dblog.rptproj
		SccLocalPath1 = .
		CanCheckoutShared = false
		SccProjectFilePathRelativizedFromConnection1 = martix_dblog\\
	EndGlobalSection
	GlobalSection(SolutionConfigurationPlatforms) = preSolution
		Debug|Default = Debug|Default
		DebugLocal|Default = DebugLocal|Default
		Production|Default = Production|Default
	EndGlobalSection
	GlobalSection(ProjectConfigurationPlatforms) = postSolution
		{3B1BCD30-6DFA-4E25-82F1-62E672F8A236}.Debug|Default.ActiveCfg = Debug
		{3B1BCD30-6DFA-4E25-82F1-62E672F8A236}.Debug|Default.Build.0 = DebugLocal
		{3B1BCD30-6DFA-4E25-82F1-62E672F8A236}.Debug|Default.Deploy.0 = DebugLocal
		{3B1BCD30-6DFA-4E25-82F1-62E672F8A236}.DebugLocal|Default.ActiveCfg = DebugLocal
		{3B1BCD30-6DFA-4E25-82F1-62E672F8A236}.DebugLocal|Default.Build.0 = DebugLocal
		{3B1BCD30-6DFA-4E25-82F1-62E672F8A236}.Production|Default.ActiveCfg = Production
		{3B1BCD30-6DFA-4E25-82F1-62E672F8A236}.Production|Default.Build.0 = Production
		{3B1BCD30-6DFA-4E25-82F1-62E672F8A236}.Production|Default.Deploy.0 = Production
	EndGlobalSection
	GlobalSection(SolutionProperties) = preSolution
		HideSolutionNode = FALSE
	EndGlobalSection
EndGlobal
