
Microsoft Visual Studio Solution File, Format Version 9.00
# Visual Studio 2005
Project("{F14B399A-7131-4C87-9E4B-1186C45EF12D}") = "Остатки по транзитным складам", "Report Project2\Остатки по транзитным складам.rptproj", "{2AEB9658-E7BF-4A67-A953-E8DB9CBA0629}"
EndProject
Global
	GlobalSection(SourceCodeControl) = preSolution
		SccNumberOfProjects = 2
		SccProjectName0 = \u0022$/ReportServer/Остатки\u0020по\u0020транзитным\u0020складам\u0022,\u0020BHNAAAAA
		SccLocalPath0 = ..\\..
		SccProvider0 = MSSCCI:Microsoft\u0020Visual\u0020SourceSafe
		CanCheckoutShared = false
		SccProjectFilePathRelativizedFromConnection0 = Отчет\u0020о\u0020неявках\\Report\u0020Project2\\
		SccProjectUniqueName1 = Report\u0020Project2\\Остатки\u0020по\u0020транзитным\u0020складам.rptproj
		SccLocalPath1 = ..\\..
		CanCheckoutShared = false
		SccProjectFilePathRelativizedFromConnection1 = Отчет\u0020о\u0020неявках\\Report\u0020Project2\\Report\u0020Project2\\
	EndGlobalSection
	GlobalSection(SolutionConfigurationPlatforms) = preSolution
		Debug|Default = Debug|Default
		DebugLocal|Default = DebugLocal|Default
		Production|Default = Production|Default
	EndGlobalSection
	GlobalSection(ProjectConfigurationPlatforms) = postSolution
		{2AEB9658-E7BF-4A67-A953-E8DB9CBA0629}.Debug|Default.ActiveCfg = Debug
		{2AEB9658-E7BF-4A67-A953-E8DB9CBA0629}.Debug|Default.Build.0 = DebugLocal
		{2AEB9658-E7BF-4A67-A953-E8DB9CBA0629}.Debug|Default.Deploy.0 = DebugLocal
		{2AEB9658-E7BF-4A67-A953-E8DB9CBA0629}.DebugLocal|Default.ActiveCfg = DebugLocal
		{2AEB9658-E7BF-4A67-A953-E8DB9CBA0629}.DebugLocal|Default.Build.0 = DebugLocal
		{2AEB9658-E7BF-4A67-A953-E8DB9CBA0629}.Production|Default.ActiveCfg = Production
		{2AEB9658-E7BF-4A67-A953-E8DB9CBA0629}.Production|Default.Build.0 = Production
		{2AEB9658-E7BF-4A67-A953-E8DB9CBA0629}.Production|Default.Deploy.0 = Production
	EndGlobalSection
	GlobalSection(SolutionProperties) = preSolution
		HideSolutionNode = FALSE
	EndGlobalSection
EndGlobal
