
Microsoft Visual Studio Solution File, Format Version 9.00
# Visual Studio 2005
Project("{F14B399A-7131-4C87-9E4B-1186C45EF12D}") = "Cat Buh Plan Report", "Cat Buh Plan Report\Cat Buh Plan Report.rptproj", "{817EE5EF-35E1-4F42-8C73-1C4665792733}"
EndProject
Global
	GlobalSection(SourceCodeControl) = preSolution
		SccNumberOfProjects = 2
		SccProjectName0 = \u0022$/ReportServer/BuhPlan/Cat\u0020Buh\u0020Plan\u0020Report\u0022,\u0020RKLAAAAA
		SccLocalPath0 = .
		SccProvider0 = MSSCCI:Microsoft\u0020Visual\u0020SourceSafe
		CanCheckoutShared = false
		SccProjectUniqueName1 = Cat\u0020Buh\u0020Plan\u0020Report\\Cat\u0020Buh\u0020Plan\u0020Report.rptproj
		SccLocalPath1 = .
		CanCheckoutShared = false
		SccProjectFilePathRelativizedFromConnection1 = Cat\u0020Buh\u0020Plan\u0020Report\\
	EndGlobalSection
	GlobalSection(SolutionConfigurationPlatforms) = preSolution
		Debug|Default = Debug|Default
		DebugLocal|Default = DebugLocal|Default
		Production|Default = Production|Default
	EndGlobalSection
	GlobalSection(ProjectConfigurationPlatforms) = postSolution
		{817EE5EF-35E1-4F42-8C73-1C4665792733}.Debug|Default.ActiveCfg = Debug
		{817EE5EF-35E1-4F42-8C73-1C4665792733}.Debug|Default.Build.0 = Debug
		{817EE5EF-35E1-4F42-8C73-1C4665792733}.Debug|Default.Deploy.0 = Debug
		{817EE5EF-35E1-4F42-8C73-1C4665792733}.DebugLocal|Default.ActiveCfg = DebugLocal
		{817EE5EF-35E1-4F42-8C73-1C4665792733}.DebugLocal|Default.Build.0 = DebugLocal
		{817EE5EF-35E1-4F42-8C73-1C4665792733}.Production|Default.ActiveCfg = Production
		{817EE5EF-35E1-4F42-8C73-1C4665792733}.Production|Default.Build.0 = Production
		{817EE5EF-35E1-4F42-8C73-1C4665792733}.Production|Default.Deploy.0 = Production
	EndGlobalSection
	GlobalSection(SolutionProperties) = preSolution
		HideSolutionNode = FALSE
	EndGlobalSection
EndGlobal
