
Microsoft Visual Studio Solution File, Format Version 9.00
# Visual Studio 2005
Project("{F14B399A-7131-4C87-9E4B-1186C45EF12D}") = "Report Project6", "Report Project6\Report Project6.rptproj", "{E9EB5141-191A-419C-B17F-0F32061D6E11}"
EndProject
Global
	GlobalSection(SourceCodeControl) = preSolution
		SccNumberOfProjects = 2
		SccProjectName0 = \u0022$/ReportServer/Новые\u0020артикулы\u0020Unilever\u0022,\u0020KLOBAAAA
		SccLocalPath0 = .
		SccProvider0 = MSSCCI:Microsoft\u0020Visual\u0020SourceSafe
		CanCheckoutShared = false
		SccProjectUniqueName1 = Report\u0020Project6\\Report\u0020Project6.rptproj
		SccLocalPath1 = .
		CanCheckoutShared = false
		SccProjectFilePathRelativizedFromConnection1 = Report\u0020Project6\\
	EndGlobalSection
	GlobalSection(SolutionConfigurationPlatforms) = preSolution
		Debug|Default = Debug|Default
		DebugLocal|Default = DebugLocal|Default
		Production|Default = Production|Default
	EndGlobalSection
	GlobalSection(ProjectConfigurationPlatforms) = postSolution
		{E9EB5141-191A-419C-B17F-0F32061D6E11}.Debug|Default.ActiveCfg = Debug
		{E9EB5141-191A-419C-B17F-0F32061D6E11}.Debug|Default.Build.0 = DebugLocal
		{E9EB5141-191A-419C-B17F-0F32061D6E11}.Debug|Default.Deploy.0 = DebugLocal
		{E9EB5141-191A-419C-B17F-0F32061D6E11}.DebugLocal|Default.ActiveCfg = DebugLocal
		{E9EB5141-191A-419C-B17F-0F32061D6E11}.DebugLocal|Default.Build.0 = DebugLocal
		{E9EB5141-191A-419C-B17F-0F32061D6E11}.Production|Default.ActiveCfg = Production
		{E9EB5141-191A-419C-B17F-0F32061D6E11}.Production|Default.Build.0 = Production
		{E9EB5141-191A-419C-B17F-0F32061D6E11}.Production|Default.Deploy.0 = Production
	EndGlobalSection
	GlobalSection(SolutionProperties) = preSolution
		HideSolutionNode = FALSE
	EndGlobalSection
EndGlobal
