
Microsoft Visual Studio Solution File, Format Version 9.00
# Visual Studio 2005
Project("{F14B399A-7131-4C87-9E4B-1186C45EF12D}") = "Система оповещения об уровне товарных запасов", "Система оповещения об уровне товарных запасов\Система оповещения об уровне товарных запасов.rptproj", "{0FF779DD-BDFF-438A-B454-BDBE8EDE76AD}"
EndProject
Global
	GlobalSection(SourceCodeControl) = preSolution
		SccNumberOfProjects = 2
		SccProjectName0 = \u0022$/ReportServer/Система\u0020оповещения\u0020об\u0020уровне\u0020товарных\u0020запасов\u0022,\u0020UIMBAAAA
		SccLocalPath0 = .
		SccProvider0 = MSSCCI:Microsoft\u0020Visual\u0020SourceSafe
		CanCheckoutShared = false
		SccProjectUniqueName1 = Система\u0020оповещения\u0020об\u0020уровне\u0020товарных\u0020запасов\\Система\u0020оповещения\u0020об\u0020уровне\u0020товарных\u0020запасов.rptproj
		SccLocalPath1 = .
		CanCheckoutShared = false
		SccProjectFilePathRelativizedFromConnection1 = Система\u0020оповещения\u0020об\u0020уровне\u0020товарных\u0020запасов\\
	EndGlobalSection
	GlobalSection(SolutionConfigurationPlatforms) = preSolution
		Debug|Default = Debug|Default
		DebugLocal|Default = DebugLocal|Default
		Production|Default = Production|Default
	EndGlobalSection
	GlobalSection(ProjectConfigurationPlatforms) = postSolution
		{0FF779DD-BDFF-438A-B454-BDBE8EDE76AD}.Debug|Default.ActiveCfg = Debug
		{0FF779DD-BDFF-438A-B454-BDBE8EDE76AD}.Debug|Default.Build.0 = DebugLocal
		{0FF779DD-BDFF-438A-B454-BDBE8EDE76AD}.Debug|Default.Deploy.0 = DebugLocal
		{0FF779DD-BDFF-438A-B454-BDBE8EDE76AD}.DebugLocal|Default.ActiveCfg = DebugLocal
		{0FF779DD-BDFF-438A-B454-BDBE8EDE76AD}.DebugLocal|Default.Build.0 = DebugLocal
		{0FF779DD-BDFF-438A-B454-BDBE8EDE76AD}.Production|Default.ActiveCfg = Production
		{0FF779DD-BDFF-438A-B454-BDBE8EDE76AD}.Production|Default.Build.0 = Production
		{0FF779DD-BDFF-438A-B454-BDBE8EDE76AD}.Production|Default.Deploy.0 = Production
	EndGlobalSection
	GlobalSection(SolutionProperties) = preSolution
		HideSolutionNode = FALSE
	EndGlobalSection
EndGlobal
