
Microsoft Visual Studio Solution File, Format Version 9.00
# Visual Studio 2005
Project("{F14B399A-7131-4C87-9E4B-1186C45EF12D}") = "Товары, по которым нет прогноза", "Товары, по которым нет прогноза.rptproj", "{D6A4A4BB-5E2D-433F-9E02-3CAB0E9D500E}"
EndProject
Global
	GlobalSection(SourceCodeControl) = preSolution
		SccNumberOfProjects = 2
		SccLocalPath0 = .
		CanCheckoutShared = false
		SccProjectUniqueName1 = Товары,\u0020по\u0020которым\u0020нет\u0020прогноза.rptproj
		SccLocalPath1 = .
		CanCheckoutShared = false
	EndGlobalSection
	GlobalSection(SolutionConfigurationPlatforms) = preSolution
		Debug|Default = Debug|Default
		DebugLocal|Default = DebugLocal|Default
		Production|Default = Production|Default
	EndGlobalSection
	GlobalSection(ProjectConfigurationPlatforms) = postSolution
		{D6A4A4BB-5E2D-433F-9E02-3CAB0E9D500E}.Debug|Default.ActiveCfg = Debug
		{D6A4A4BB-5E2D-433F-9E02-3CAB0E9D500E}.Debug|Default.Build.0 = DebugLocal
		{D6A4A4BB-5E2D-433F-9E02-3CAB0E9D500E}.Debug|Default.Deploy.0 = DebugLocal
		{D6A4A4BB-5E2D-433F-9E02-3CAB0E9D500E}.DebugLocal|Default.ActiveCfg = DebugLocal
		{D6A4A4BB-5E2D-433F-9E02-3CAB0E9D500E}.DebugLocal|Default.Build.0 = DebugLocal
		{D6A4A4BB-5E2D-433F-9E02-3CAB0E9D500E}.Production|Default.ActiveCfg = Production
		{D6A4A4BB-5E2D-433F-9E02-3CAB0E9D500E}.Production|Default.Build.0 = Production
		{D6A4A4BB-5E2D-433F-9E02-3CAB0E9D500E}.Production|Default.Deploy.0 = Production
	EndGlobalSection
	GlobalSection(SolutionProperties) = preSolution
		HideSolutionNode = FALSE
	EndGlobalSection
EndGlobal
