
Microsoft Visual Studio Solution File, Format Version 9.00
# Visual Studio 2005
Project("{F14B399A-7131-4C87-9E4B-1186C45EF12D}") = "Отчет по недействующим терминалам", "Отчет по недействующим терминалам\Отчет по недействующим терминалам.rptproj", "{CF918FD2-F33D-4ED4-A37D-E770DE2181F4}"
EndProject
Global
	GlobalSection(SourceCodeControl) = preSolution
		SccNumberOfProjects = 2
		SccProjectName0 = \u0022$/ReportServer/Отчет\u0020по\u0020недействующим\u0020терминалам\u0022,\u0020KTSBAAAA
		SccLocalPath0 = .
		SccProvider0 = MSSCCI:Microsoft\u0020Visual\u0020SourceSafe
		CanCheckoutShared = false
		SccProjectUniqueName1 = Отчет\u0020по\u0020недействующим\u0020терминалам\\Отчет\u0020по\u0020недействующим\u0020терминалам.rptproj
		SccLocalPath1 = .
		CanCheckoutShared = false
		SccProjectFilePathRelativizedFromConnection1 = Отчет\u0020по\u0020недействующим\u0020терминалам\\
	EndGlobalSection
	GlobalSection(SolutionConfigurationPlatforms) = preSolution
		Debug|Default = Debug|Default
		DebugLocal|Default = DebugLocal|Default
		Production|Default = Production|Default
	EndGlobalSection
	GlobalSection(ProjectConfigurationPlatforms) = postSolution
		{CF918FD2-F33D-4ED4-A37D-E770DE2181F4}.Debug|Default.ActiveCfg = Debug
		{CF918FD2-F33D-4ED4-A37D-E770DE2181F4}.Debug|Default.Build.0 = DebugLocal
		{CF918FD2-F33D-4ED4-A37D-E770DE2181F4}.Debug|Default.Deploy.0 = DebugLocal
		{CF918FD2-F33D-4ED4-A37D-E770DE2181F4}.DebugLocal|Default.ActiveCfg = DebugLocal
		{CF918FD2-F33D-4ED4-A37D-E770DE2181F4}.DebugLocal|Default.Build.0 = DebugLocal
		{CF918FD2-F33D-4ED4-A37D-E770DE2181F4}.Production|Default.ActiveCfg = Production
		{CF918FD2-F33D-4ED4-A37D-E770DE2181F4}.Production|Default.Build.0 = Production
		{CF918FD2-F33D-4ED4-A37D-E770DE2181F4}.Production|Default.Deploy.0 = Production
	EndGlobalSection
	GlobalSection(SolutionProperties) = preSolution
		HideSolutionNode = FALSE
	EndGlobalSection
EndGlobal
