
Microsoft Visual Studio Solution File, Format Version 9.00
# Visual Studio 2005
Project("{F14B399A-7131-4C87-9E4B-1186C45EF12D}") = "Дефицит по акциям", "Дефицит по акциям\Дефицит по акциям.rptproj", "{7A916279-200F-4F20-BA69-E7E945AA1925}"
EndProject
Global
	GlobalSection(SourceCodeControl) = preSolution
		SccNumberOfProjects = 2
		SccProjectName0 = \u0022$/ReportServer/Дефицит\u0020по\u0020акциям\u0022,\u0020FHGBAAAA
		SccLocalPath0 = .
		SccProvider0 = MSSCCI:Microsoft\u0020Visual\u0020SourceSafe
		CanCheckoutShared = false
		SccProjectUniqueName1 = Дефицит\u0020по\u0020акциям\\Дефицит\u0020по\u0020акциям.rptproj
		SccLocalPath1 = .
		CanCheckoutShared = false
		SccProjectFilePathRelativizedFromConnection1 = Дефицит\u0020по\u0020акциям\\
	EndGlobalSection
	GlobalSection(SolutionConfigurationPlatforms) = preSolution
		Debug|Default = Debug|Default
		DebugLocal|Default = DebugLocal|Default
		Production|Default = Production|Default
	EndGlobalSection
	GlobalSection(ProjectConfigurationPlatforms) = postSolution
		{7A916279-200F-4F20-BA69-E7E945AA1925}.Debug|Default.ActiveCfg = Debug
		{7A916279-200F-4F20-BA69-E7E945AA1925}.Debug|Default.Build.0 = DebugLocal
		{7A916279-200F-4F20-BA69-E7E945AA1925}.Debug|Default.Deploy.0 = DebugLocal
		{7A916279-200F-4F20-BA69-E7E945AA1925}.DebugLocal|Default.ActiveCfg = DebugLocal
		{7A916279-200F-4F20-BA69-E7E945AA1925}.DebugLocal|Default.Build.0 = DebugLocal
		{7A916279-200F-4F20-BA69-E7E945AA1925}.Production|Default.ActiveCfg = Production
		{7A916279-200F-4F20-BA69-E7E945AA1925}.Production|Default.Build.0 = Production
		{7A916279-200F-4F20-BA69-E7E945AA1925}.Production|Default.Deploy.0 = Production
	EndGlobalSection
	GlobalSection(SolutionProperties) = preSolution
		HideSolutionNode = FALSE
	EndGlobalSection
EndGlobal
