
Microsoft Visual Studio Solution File, Format Version 9.00
# Visual Studio 2005
Project("{F14B399A-7131-4C87-9E4B-1186C45EF12D}") = "Объемы перемещений", "Объемы перемещений\Объемы перемещений.rptproj", "{C09203DA-D830-4229-9047-B52459F5F8A8}"
EndProject
Global
	GlobalSection(SourceCodeControl) = preSolution
		SccNumberOfProjects = 2
		SccProjectName0 = \u0022$/ReportServer/Объемы\u0020перемещений\u0022,\u0020AHSBAAAA
		SccLocalPath0 = .
		SccProvider0 = MSSCCI:Microsoft\u0020Visual\u0020SourceSafe
		CanCheckoutShared = false
		SccProjectUniqueName1 = Объемы\u0020перемещений\\Объемы\u0020перемещений.rptproj
		SccLocalPath1 = .
		CanCheckoutShared = false
		SccProjectFilePathRelativizedFromConnection1 = Объемы\u0020перемещений\\
	EndGlobalSection
	GlobalSection(SolutionConfigurationPlatforms) = preSolution
		Debug|Default = Debug|Default
		DebugLocal|Default = DebugLocal|Default
		Production|Default = Production|Default
	EndGlobalSection
	GlobalSection(ProjectConfigurationPlatforms) = postSolution
		{C09203DA-D830-4229-9047-B52459F5F8A8}.Debug|Default.ActiveCfg = Debug
		{C09203DA-D830-4229-9047-B52459F5F8A8}.Debug|Default.Build.0 = DebugLocal
		{C09203DA-D830-4229-9047-B52459F5F8A8}.Debug|Default.Deploy.0 = DebugLocal
		{C09203DA-D830-4229-9047-B52459F5F8A8}.DebugLocal|Default.ActiveCfg = DebugLocal
		{C09203DA-D830-4229-9047-B52459F5F8A8}.DebugLocal|Default.Build.0 = DebugLocal
		{C09203DA-D830-4229-9047-B52459F5F8A8}.Production|Default.ActiveCfg = Production
		{C09203DA-D830-4229-9047-B52459F5F8A8}.Production|Default.Build.0 = Production
		{C09203DA-D830-4229-9047-B52459F5F8A8}.Production|Default.Deploy.0 = Production
	EndGlobalSection
	GlobalSection(SolutionProperties) = preSolution
		HideSolutionNode = FALSE
	EndGlobalSection
EndGlobal
