
Microsoft Visual Studio Solution File, Format Version 9.00
# Visual Studio 2005
Project("{F14B399A-7131-4C87-9E4B-1186C45EF12D}") = "Предоплаченные карты Океан", "Предоплаченные карты Океан\Предоплаченные карты Океан.rptproj", "{31D529F9-1E09-475B-BA79-76F22B24EC49}"
EndProject
Global
	GlobalSection(SourceCodeControl) = preSolution
		SccNumberOfProjects = 2
		SccLocalPath0 = .
		CanCheckoutShared = false
		SccProjectUniqueName1 = Предоплаченные\u0020карты\u0020Океан\\Предоплаченные\u0020карты\u0020Океан.rptproj
		SccLocalPath1 = .
		CanCheckoutShared = false
		SccProjectFilePathRelativizedFromConnection1 = Предоплаченные\u0020карты\u0020Океан\\
	EndGlobalSection
	GlobalSection(SolutionConfigurationPlatforms) = preSolution
		Debug|Default = Debug|Default
		DebugLocal|Default = DebugLocal|Default
		Production|Default = Production|Default
	EndGlobalSection
	GlobalSection(ProjectConfigurationPlatforms) = postSolution
		{31D529F9-1E09-475B-BA79-76F22B24EC49}.Debug|Default.ActiveCfg = Debug
		{31D529F9-1E09-475B-BA79-76F22B24EC49}.Debug|Default.Build.0 = DebugLocal
		{31D529F9-1E09-475B-BA79-76F22B24EC49}.Debug|Default.Deploy.0 = DebugLocal
		{31D529F9-1E09-475B-BA79-76F22B24EC49}.DebugLocal|Default.ActiveCfg = DebugLocal
		{31D529F9-1E09-475B-BA79-76F22B24EC49}.DebugLocal|Default.Build.0 = DebugLocal
		{31D529F9-1E09-475B-BA79-76F22B24EC49}.Production|Default.ActiveCfg = Production
		{31D529F9-1E09-475B-BA79-76F22B24EC49}.Production|Default.Build.0 = Production
		{31D529F9-1E09-475B-BA79-76F22B24EC49}.Production|Default.Deploy.0 = Production
	EndGlobalSection
	GlobalSection(SolutionProperties) = preSolution
		HideSolutionNode = FALSE
	EndGlobalSection
EndGlobal
