
Microsoft Visual Studio Solution File, Format Version 9.00
# Visual Studio 2005
Project("{F14B399A-7131-4C87-9E4B-1186C45EF12D}") = "kpp", "kpp\kpp.rptproj", "{04F62264-9CF4-4474-A398-F5AB810300E1}"
EndProject
Global
	GlobalSection(SourceCodeControl) = preSolution
		SccNumberOfProjects = 2
		SccProjectName0 = \u0022$/ReportServer/kpp\u0022,\u0020NDLAAAAA
		SccLocalPath0 = .
		SccProvider0 = MSSCCI:Microsoft\u0020Visual\u0020SourceSafe
		CanCheckoutShared = false
		SccProjectUniqueName1 = kpp\\kpp.rptproj
		SccLocalPath1 = .
		CanCheckoutShared = false
		SccProjectFilePathRelativizedFromConnection1 = kpp\\
	EndGlobalSection
	GlobalSection(SolutionConfigurationPlatforms) = preSolution
		Debug|Default = Debug|Default
		DebugLocal|Default = DebugLocal|Default
		Production|Default = Production|Default
	EndGlobalSection
	GlobalSection(ProjectConfigurationPlatforms) = postSolution
		{04F62264-9CF4-4474-A398-F5AB810300E1}.Debug|Default.ActiveCfg = Debug
		{04F62264-9CF4-4474-A398-F5AB810300E1}.Debug|Default.Build.0 = DebugLocal
		{04F62264-9CF4-4474-A398-F5AB810300E1}.Debug|Default.Deploy.0 = DebugLocal
		{04F62264-9CF4-4474-A398-F5AB810300E1}.DebugLocal|Default.ActiveCfg = DebugLocal
		{04F62264-9CF4-4474-A398-F5AB810300E1}.DebugLocal|Default.Build.0 = DebugLocal
		{04F62264-9CF4-4474-A398-F5AB810300E1}.Production|Default.ActiveCfg = Production
		{04F62264-9CF4-4474-A398-F5AB810300E1}.Production|Default.Build.0 = Production
		{04F62264-9CF4-4474-A398-F5AB810300E1}.Production|Default.Deploy.0 = Production
	EndGlobalSection
	GlobalSection(SolutionProperties) = preSolution
		HideSolutionNode = FALSE
	EndGlobalSection
EndGlobal
