
Microsoft Visual Studio Solution File, Format Version 9.00
# Visual Studio 2005
Project("{F14B399A-7131-4C87-9E4B-1186C45EF12D}") = "Ошибки основных средств", "Ошибки основных средств\Ошибки основных средств.rptproj", "{5A21C519-F76C-4210-AE2F-283E33F53B30}"
EndProject
Global
	GlobalSection(SourceCodeControl) = preSolution
		SccNumberOfProjects = 2
		SccProjectName0 = \u0022$/ReportServer/Ошибки\u0020основных\u0020средств\u0022,\u0020FKTBAAAA
		SccLocalPath0 = .
		SccProvider0 = MSSCCI:Microsoft\u0020Visual\u0020SourceSafe
		CanCheckoutShared = false
		SccProjectUniqueName1 = Ошибки\u0020основных\u0020средств\\Ошибки\u0020основных\u0020средств.rptproj
		SccLocalPath1 = .
		CanCheckoutShared = false
		SccProjectFilePathRelativizedFromConnection1 = Ошибки\u0020основных\u0020средств\\
	EndGlobalSection
	GlobalSection(SolutionConfigurationPlatforms) = preSolution
		Debug|Default = Debug|Default
		DebugLocal|Default = DebugLocal|Default
		Production|Default = Production|Default
	EndGlobalSection
	GlobalSection(ProjectConfigurationPlatforms) = postSolution
		{5A21C519-F76C-4210-AE2F-283E33F53B30}.Debug|Default.ActiveCfg = Debug
		{5A21C519-F76C-4210-AE2F-283E33F53B30}.Debug|Default.Build.0 = DebugLocal
		{5A21C519-F76C-4210-AE2F-283E33F53B30}.Debug|Default.Deploy.0 = DebugLocal
		{5A21C519-F76C-4210-AE2F-283E33F53B30}.DebugLocal|Default.ActiveCfg = DebugLocal
		{5A21C519-F76C-4210-AE2F-283E33F53B30}.DebugLocal|Default.Build.0 = DebugLocal
		{5A21C519-F76C-4210-AE2F-283E33F53B30}.Production|Default.ActiveCfg = Production
		{5A21C519-F76C-4210-AE2F-283E33F53B30}.Production|Default.Build.0 = Production
		{5A21C519-F76C-4210-AE2F-283E33F53B30}.Production|Default.Deploy.0 = Production
	EndGlobalSection
	GlobalSection(SolutionProperties) = preSolution
		HideSolutionNode = FALSE
	EndGlobalSection
EndGlobal
