
Microsoft Visual Studio Solution File, Format Version 9.00
# Visual Studio 2005
Project("{F14B399A-7131-4C87-9E4B-1186C45EF12D}") = "Пополнение пикинга", "Пополнение пикинга.rptproj", "{EC8ECCE1-28F2-41DC-A6DA-880150F44AC9}"
EndProject
Global
	GlobalSection(SourceCodeControl) = preSolution
		SccNumberOfProjects = 1
		SccProjectUniqueName0 = Пополнение\u0020пикинга.rptproj
		SccProjectName0 = \u0022$/ReportServer/Пополнение\u0020пикинга\u0022,\u0020ZXSBAAAA
		SccLocalPath0 = ..\\..\\..\\..\\..
		SccProvider0 = MSSCCI:Microsoft\u0020Visual\u0020SourceSafe
		CanCheckoutShared = false
		SccProjectFilePathRelativizedFromConnection0 = Мои\u0020документы\\Visual\u0020Studio\u00202005\\Projects\\Пополнение\u0020пикинга\\Пополнение\u0020пикинга\\
	EndGlobalSection
	GlobalSection(SolutionConfigurationPlatforms) = preSolution
		Debug|Default = Debug|Default
		DebugLocal|Default = DebugLocal|Default
		Production|Default = Production|Default
	EndGlobalSection
	GlobalSection(ProjectConfigurationPlatforms) = postSolution
		{EC8ECCE1-28F2-41DC-A6DA-880150F44AC9}.Debug|Default.ActiveCfg = Debug
		{EC8ECCE1-28F2-41DC-A6DA-880150F44AC9}.Debug|Default.Build.0 = DebugLocal
		{EC8ECCE1-28F2-41DC-A6DA-880150F44AC9}.Debug|Default.Deploy.0 = DebugLocal
		{EC8ECCE1-28F2-41DC-A6DA-880150F44AC9}.DebugLocal|Default.ActiveCfg = DebugLocal
		{EC8ECCE1-28F2-41DC-A6DA-880150F44AC9}.DebugLocal|Default.Build.0 = DebugLocal
		{EC8ECCE1-28F2-41DC-A6DA-880150F44AC9}.DebugLocal|Default.Deploy.0 = DebugLocal
		{EC8ECCE1-28F2-41DC-A6DA-880150F44AC9}.Production|Default.ActiveCfg = Production
		{EC8ECCE1-28F2-41DC-A6DA-880150F44AC9}.Production|Default.Build.0 = Production
		{EC8ECCE1-28F2-41DC-A6DA-880150F44AC9}.Production|Default.Deploy.0 = Production
	EndGlobalSection
	GlobalSection(SolutionProperties) = preSolution
		HideSolutionNode = FALSE
	EndGlobalSection
EndGlobal
