
Microsoft Visual Studio Solution File, Format Version 9.00
# Visual Studio 2005
Project("{F14B399A-7131-4C87-9E4B-1186C45EF12D}") = "Инкассация Регионы", "Инкассация Регионы\Инкассация Регионы.rptproj", "{624C4A3E-0326-4A07-ADD9-241CE3F0CA27}"
EndProject
Global
	GlobalSection(SourceCodeControl) = preSolution
		SccNumberOfProjects = 2
		SccProjectName0 = \u0022$/ReportServer/Инкассация\u0020Регионы\u0022,\u0020DCGBAAAA
		SccLocalPath0 = .
		SccProvider0 = MSSCCI:Microsoft\u0020Visual\u0020SourceSafe
		CanCheckoutShared = false
		SccProjectUniqueName1 = Инкассация\u0020Регионы\\Инкассация\u0020Регионы.rptproj
		SccLocalPath1 = .
		CanCheckoutShared = false
		SccProjectFilePathRelativizedFromConnection1 = Инкассация\u0020Регионы\\
	EndGlobalSection
	GlobalSection(SolutionConfigurationPlatforms) = preSolution
		Debug|Default = Debug|Default
		DebugLocal|Default = DebugLocal|Default
		Production|Default = Production|Default
	EndGlobalSection
	GlobalSection(ProjectConfigurationPlatforms) = postSolution
		{624C4A3E-0326-4A07-ADD9-241CE3F0CA27}.Debug|Default.ActiveCfg = Debug
		{624C4A3E-0326-4A07-ADD9-241CE3F0CA27}.Debug|Default.Build.0 = DebugLocal
		{624C4A3E-0326-4A07-ADD9-241CE3F0CA27}.Debug|Default.Deploy.0 = DebugLocal
		{624C4A3E-0326-4A07-ADD9-241CE3F0CA27}.DebugLocal|Default.ActiveCfg = DebugLocal
		{624C4A3E-0326-4A07-ADD9-241CE3F0CA27}.DebugLocal|Default.Build.0 = DebugLocal
		{624C4A3E-0326-4A07-ADD9-241CE3F0CA27}.Production|Default.ActiveCfg = Production
		{624C4A3E-0326-4A07-ADD9-241CE3F0CA27}.Production|Default.Build.0 = Production
		{624C4A3E-0326-4A07-ADD9-241CE3F0CA27}.Production|Default.Deploy.0 = Production
	EndGlobalSection
	GlobalSection(SolutionProperties) = preSolution
		HideSolutionNode = FALSE
	EndGlobalSection
EndGlobal
