
Microsoft Visual Studio Solution File, Format Version 9.00
# Visual Studio 2005
Project("{F14B399A-7131-4C87-9E4B-1186C45EF12D}") = "Несформированные бонусные заказы", "Несформированные бонусные заказы\Несформированные бонусные заказы.rptproj", "{7ECC7ADA-5EBC-4C7D-8FDC-663F45E07E67}"
EndProject
Global
	GlobalSection(SourceCodeControl) = preSolution
		SccNumberOfProjects = 2
		SccProjectName0 = \u0022$/ReportServer/Несформированные\u0020бонусные\u0020заказы\u0022,\u0020OVFBAAAA
		SccLocalPath0 = .
		SccProvider0 = MSSCCI:Microsoft\u0020Visual\u0020SourceSafe
		CanCheckoutShared = false
		SccProjectUniqueName1 = Несформированные\u0020бонусные\u0020заказы\\Несформированные\u0020бонусные\u0020заказы.rptproj
		SccLocalPath1 = .
		CanCheckoutShared = false
		SccProjectFilePathRelativizedFromConnection1 = Несформированные\u0020бонусные\u0020заказы\\
	EndGlobalSection
	GlobalSection(SolutionConfigurationPlatforms) = preSolution
		Debug|Default = Debug|Default
		DebugLocal|Default = DebugLocal|Default
		Production|Default = Production|Default
	EndGlobalSection
	GlobalSection(ProjectConfigurationPlatforms) = postSolution
		{7ECC7ADA-5EBC-4C7D-8FDC-663F45E07E67}.Debug|Default.ActiveCfg = Debug
		{7ECC7ADA-5EBC-4C7D-8FDC-663F45E07E67}.Debug|Default.Build.0 = DebugLocal
		{7ECC7ADA-5EBC-4C7D-8FDC-663F45E07E67}.Debug|Default.Deploy.0 = DebugLocal
		{7ECC7ADA-5EBC-4C7D-8FDC-663F45E07E67}.DebugLocal|Default.ActiveCfg = DebugLocal
		{7ECC7ADA-5EBC-4C7D-8FDC-663F45E07E67}.DebugLocal|Default.Build.0 = DebugLocal
		{7ECC7ADA-5EBC-4C7D-8FDC-663F45E07E67}.Production|Default.ActiveCfg = Production
		{7ECC7ADA-5EBC-4C7D-8FDC-663F45E07E67}.Production|Default.Build.0 = Production
		{7ECC7ADA-5EBC-4C7D-8FDC-663F45E07E67}.Production|Default.Deploy.0 = Production
	EndGlobalSection
	GlobalSection(SolutionProperties) = preSolution
		HideSolutionNode = FALSE
	EndGlobalSection
EndGlobal
