
Microsoft Visual Studio Solution File, Format Version 9.00
# Visual Studio 2005
Project("{FAE04EC0-301F-11D3-BF4B-00C04F79EFBC}") = "PrinterDeliveryCS", "PrinterDelivery\PrinterDeliveryCS.csproj", "{BC37A9BE-CE36-48C1-AE29-6AA77256DDDE}"
EndProject
Global
	GlobalSection(SourceCodeControl) = preSolution
		SccNumberOfProjects = 2
		SccProjectName0 = \u0022$/PrinterDelivery\u0022,\u0020GPQAAAAA
		SccLocalPath0 = ..\\..
		SccProvider0 = MSSCCI:Microsoft\u0020Visual\u0020SourceSafe
		CanCheckoutShared = false
		SccProjectFilePathRelativizedFromConnection0 = WORK\\PrintDelivery\\
		SccProjectUniqueName1 = PrinterDelivery\\PrinterDeliveryCS.csproj
		SccLocalPath1 = ..\\..
		CanCheckoutShared = false
		SccProjectFilePathRelativizedFromConnection1 = WORK\\PrintDelivery\\PrinterDelivery\\
	EndGlobalSection
	GlobalSection(SolutionConfigurationPlatforms) = preSolution
		Debug|Any CPU = Debug|Any CPU
		Release|Any CPU = Release|Any CPU
	EndGlobalSection
	GlobalSection(ProjectConfigurationPlatforms) = postSolution
		{BC37A9BE-CE36-48C1-AE29-6AA77256DDDE}.Debug|Any CPU.ActiveCfg = Debug|Any CPU
		{BC37A9BE-CE36-48C1-AE29-6AA77256DDDE}.Debug|Any CPU.Build.0 = Debug|Any CPU
		{BC37A9BE-CE36-48C1-AE29-6AA77256DDDE}.Release|Any CPU.ActiveCfg = Release|Any CPU
		{BC37A9BE-CE36-48C1-AE29-6AA77256DDDE}.Release|Any CPU.Build.0 = Release|Any CPU
	EndGlobalSection
	GlobalSection(SolutionProperties) = preSolution
		HideSolutionNode = FALSE
	EndGlobalSection
EndGlobal
