
Microsoft Visual Studio Solution File, Format Version 9.00
# Visual Studio 2005
Project("{F14B399A-7131-4C87-9E4B-1186C45EF12D}") = "Планирование инкассаций", "Планирование инкассаций\Планирование инкассаций.rptproj", "{42972692-FECB-4F0F-8D52-B4F02FEBC7FF}"
EndProject
Global
	GlobalSection(SourceCodeControl) = preSolution
		SccNumberOfProjects = 2
		SccProjectName0 = \u0022$/ReportServer/Планирование\u0020инкассаций\u0022,\u0020GKOBAAAA
		SccLocalPath0 = .
		SccProvider0 = MSSCCI:Microsoft\u0020Visual\u0020SourceSafe
		CanCheckoutShared = false
		SccProjectUniqueName1 = Планирование\u0020инкассаций\\Планирование\u0020инкассаций.rptproj
		SccLocalPath1 = .
		CanCheckoutShared = false
		SccProjectFilePathRelativizedFromConnection1 = Планирование\u0020инкассаций\\
	EndGlobalSection
	GlobalSection(SolutionConfigurationPlatforms) = preSolution
		Debug|Default = Debug|Default
		DebugLocal|Default = DebugLocal|Default
		Production|Default = Production|Default
	EndGlobalSection
	GlobalSection(ProjectConfigurationPlatforms) = postSolution
		{42972692-FECB-4F0F-8D52-B4F02FEBC7FF}.Debug|Default.ActiveCfg = Debug
		{42972692-FECB-4F0F-8D52-B4F02FEBC7FF}.Debug|Default.Build.0 = DebugLocal
		{42972692-FECB-4F0F-8D52-B4F02FEBC7FF}.Debug|Default.Deploy.0 = DebugLocal
		{42972692-FECB-4F0F-8D52-B4F02FEBC7FF}.DebugLocal|Default.ActiveCfg = DebugLocal
		{42972692-FECB-4F0F-8D52-B4F02FEBC7FF}.DebugLocal|Default.Build.0 = DebugLocal
		{42972692-FECB-4F0F-8D52-B4F02FEBC7FF}.Production|Default.ActiveCfg = Production
		{42972692-FECB-4F0F-8D52-B4F02FEBC7FF}.Production|Default.Build.0 = Production
		{42972692-FECB-4F0F-8D52-B4F02FEBC7FF}.Production|Default.Deploy.0 = Production
	EndGlobalSection
	GlobalSection(SolutionProperties) = preSolution
		HideSolutionNode = FALSE
	EndGlobalSection
EndGlobal
