
Microsoft Visual Studio Solution File, Format Version 9.00
# Visual Studio 2005
Project("{F14B399A-7131-4C87-9E4B-1186C45EF12D}") = "Качество прогноза", "Качество прогноза.rptproj", "{0EBE2864-7902-4CFE-AB55-355413F772E5}"
EndProject
Global
	GlobalSection(SourceCodeControl) = preSolution
		SccNumberOfProjects = 2
		SccLocalPath0 = .
		CanCheckoutShared = false
		SccProjectUniqueName1 = Качество\u0020прогноза.rptproj
		SccLocalPath1 = .
		CanCheckoutShared = false
	EndGlobalSection
	GlobalSection(SolutionConfigurationPlatforms) = preSolution
		Debug|Default = Debug|Default
		DebugLocal|Default = DebugLocal|Default
		Production|Default = Production|Default
	EndGlobalSection
	GlobalSection(ProjectConfigurationPlatforms) = postSolution
		{0EBE2864-7902-4CFE-AB55-355413F772E5}.Debug|Default.ActiveCfg = Debug
		{0EBE2864-7902-4CFE-AB55-355413F772E5}.Debug|Default.Build.0 = DebugLocal
		{0EBE2864-7902-4CFE-AB55-355413F772E5}.Debug|Default.Deploy.0 = DebugLocal
		{0EBE2864-7902-4CFE-AB55-355413F772E5}.DebugLocal|Default.ActiveCfg = DebugLocal
		{0EBE2864-7902-4CFE-AB55-355413F772E5}.DebugLocal|Default.Build.0 = DebugLocal
		{0EBE2864-7902-4CFE-AB55-355413F772E5}.Production|Default.ActiveCfg = Production
		{0EBE2864-7902-4CFE-AB55-355413F772E5}.Production|Default.Build.0 = Production
		{0EBE2864-7902-4CFE-AB55-355413F772E5}.Production|Default.Deploy.0 = Production
	EndGlobalSection
	GlobalSection(SolutionProperties) = preSolution
		HideSolutionNode = FALSE
	EndGlobalSection
EndGlobal
