
Microsoft Visual Studio Solution File, Format Version 9.00
# Visual Studio 2005
Project("{F14B399A-7131-4C87-9E4B-1186C45EF12D}") = "Задолженность агентов по выпискам", "Задолженность агентов по выпискам\Задолженность агентов по выпискам.rptproj", "{A9B9D39F-4C16-4F8E-88B4-4B02D6DB220C}"
EndProject
Global
	GlobalSection(SourceCodeControl) = preSolution
		SccNumberOfProjects = 2
		SccProjectName0 = \u0022$/ReportServer/Задолженность\u0020агентов\u0020по\u0020выпискам\u0022,\u0020SOSBAAAA
		SccLocalPath0 = .
		SccProvider0 = MSSCCI:Microsoft\u0020Visual\u0020SourceSafe
		CanCheckoutShared = false
		SccProjectUniqueName1 = Задолженность\u0020агентов\u0020по\u0020выпискам\\Задолженность\u0020агентов\u0020по\u0020выпискам.rptproj
		SccLocalPath1 = .
		CanCheckoutShared = false
		SccProjectFilePathRelativizedFromConnection1 = Задолженность\u0020агентов\u0020по\u0020выпискам\\
	EndGlobalSection
	GlobalSection(SolutionConfigurationPlatforms) = preSolution
		Debug|Default = Debug|Default
		DebugLocal|Default = DebugLocal|Default
		Production|Default = Production|Default
	EndGlobalSection
	GlobalSection(ProjectConfigurationPlatforms) = postSolution
		{A9B9D39F-4C16-4F8E-88B4-4B02D6DB220C}.Debug|Default.ActiveCfg = Debug
		{A9B9D39F-4C16-4F8E-88B4-4B02D6DB220C}.Debug|Default.Build.0 = DebugLocal
		{A9B9D39F-4C16-4F8E-88B4-4B02D6DB220C}.Debug|Default.Deploy.0 = DebugLocal
		{A9B9D39F-4C16-4F8E-88B4-4B02D6DB220C}.DebugLocal|Default.ActiveCfg = DebugLocal
		{A9B9D39F-4C16-4F8E-88B4-4B02D6DB220C}.DebugLocal|Default.Build.0 = DebugLocal
		{A9B9D39F-4C16-4F8E-88B4-4B02D6DB220C}.Production|Default.ActiveCfg = Production
		{A9B9D39F-4C16-4F8E-88B4-4B02D6DB220C}.Production|Default.Build.0 = Production
		{A9B9D39F-4C16-4F8E-88B4-4B02D6DB220C}.Production|Default.Deploy.0 = Production
	EndGlobalSection
	GlobalSection(SolutionProperties) = preSolution
		HideSolutionNode = FALSE
	EndGlobalSection
EndGlobal
