
Microsoft Visual Studio Solution File, Format Version 9.00
# Visual Studio 2005
Project("{F14B399A-7131-4C87-9E4B-1186C45EF12D}") = "Расхождения стока и пикинга", "Расхождения стока и пикинга\Расхождения стока и пикинга.rptproj", "{776D567E-367B-454C-8684-F3BAA521DEBB}"
EndProject
Global
	GlobalSection(SourceCodeControl) = preSolution
		SccNumberOfProjects = 2
		SccProjectName0 = \u0022$/ReportServer/Расхождения\u0020стока\u0020и\u0020пикинга\u0022,\u0020TDUBAAAA
		SccLocalPath0 = .
		SccProvider0 = MSSCCI:Microsoft\u0020Visual\u0020SourceSafe
		CanCheckoutShared = false
		SccProjectUniqueName1 = Расхождения\u0020стока\u0020и\u0020пикинга\\Расхождения\u0020стока\u0020и\u0020пикинга.rptproj
		SccLocalPath1 = .
		CanCheckoutShared = false
		SccProjectFilePathRelativizedFromConnection1 = Расхождения\u0020стока\u0020и\u0020пикинга\\
	EndGlobalSection
	GlobalSection(SolutionConfigurationPlatforms) = preSolution
		Debug|Default = Debug|Default
		DebugLocal|Default = DebugLocal|Default
		Production|Default = Production|Default
	EndGlobalSection
	GlobalSection(ProjectConfigurationPlatforms) = postSolution
		{776D567E-367B-454C-8684-F3BAA521DEBB}.Debug|Default.ActiveCfg = Debug
		{776D567E-367B-454C-8684-F3BAA521DEBB}.Debug|Default.Build.0 = DebugLocal
		{776D567E-367B-454C-8684-F3BAA521DEBB}.Debug|Default.Deploy.0 = DebugLocal
		{776D567E-367B-454C-8684-F3BAA521DEBB}.DebugLocal|Default.ActiveCfg = DebugLocal
		{776D567E-367B-454C-8684-F3BAA521DEBB}.DebugLocal|Default.Build.0 = DebugLocal
		{776D567E-367B-454C-8684-F3BAA521DEBB}.Production|Default.ActiveCfg = Production
		{776D567E-367B-454C-8684-F3BAA521DEBB}.Production|Default.Build.0 = Production
		{776D567E-367B-454C-8684-F3BAA521DEBB}.Production|Default.Deploy.0 = Production
	EndGlobalSection
	GlobalSection(SolutionProperties) = preSolution
		HideSolutionNode = FALSE
	EndGlobalSection
EndGlobal
