
Microsoft Visual Studio Solution File, Format Version 9.00
# Visual Studio 2005
Project("{F14B399A-7131-4C87-9E4B-1186C45EF12D}") = "Недовезенные документы", "Недовезенные документы\Недовезенные документы.rptproj", "{7460FC24-772F-4391-8D65-D75374AA958A}"
EndProject
Global
	GlobalSection(SourceCodeControl) = preSolution
		SccNumberOfProjects = 2
		SccProjectName0 = \u0022$/ReportServer/Недовезенные\u0020документы\u0022,\u0020SSHBAAAA
		SccLocalPath0 = .
		SccProvider0 = MSSCCI:Microsoft\u0020Visual\u0020SourceSafe
		CanCheckoutShared = false
		SccProjectUniqueName1 = Недовезенные\u0020документы\\Недовезенные\u0020документы.rptproj
		SccLocalPath1 = .
		CanCheckoutShared = false
		SccProjectFilePathRelativizedFromConnection1 = Недовезенные\u0020документы\\
	EndGlobalSection
	GlobalSection(SolutionConfigurationPlatforms) = preSolution
		Debug|Default = Debug|Default
		DebugLocal|Default = DebugLocal|Default
		Production|Default = Production|Default
	EndGlobalSection
	GlobalSection(ProjectConfigurationPlatforms) = postSolution
		{7460FC24-772F-4391-8D65-D75374AA958A}.Debug|Default.ActiveCfg = Debug
		{7460FC24-772F-4391-8D65-D75374AA958A}.Debug|Default.Build.0 = DebugLocal
		{7460FC24-772F-4391-8D65-D75374AA958A}.Debug|Default.Deploy.0 = DebugLocal
		{7460FC24-772F-4391-8D65-D75374AA958A}.DebugLocal|Default.ActiveCfg = DebugLocal
		{7460FC24-772F-4391-8D65-D75374AA958A}.DebugLocal|Default.Build.0 = DebugLocal
		{7460FC24-772F-4391-8D65-D75374AA958A}.Production|Default.ActiveCfg = Production
		{7460FC24-772F-4391-8D65-D75374AA958A}.Production|Default.Build.0 = Production
		{7460FC24-772F-4391-8D65-D75374AA958A}.Production|Default.Deploy.0 = Production
	EndGlobalSection
	GlobalSection(SolutionProperties) = preSolution
		HideSolutionNode = FALSE
	EndGlobalSection
EndGlobal
