
Microsoft Visual Studio Solution File, Format Version 9.00
# Visual Studio 2005
Project("{F14B399A-7131-4C87-9E4B-1186C45EF12D}") = "Report Project4", "Report Project4\Report Project4.rptproj", "{769BC4DA-0840-4D97-878B-A4E7F267E11D}"
EndProject
Global
	GlobalSection(SourceCodeControl) = preSolution
		SccNumberOfProjects = 2
		SccProjectName0 = \u0022$/ReportServer/Состояние\u0020ремфонда/Приход\u0020комплектующих\u0022,\u0020KJCBAAAA
		SccLocalPath0 = ..\\..\\..\\..
		SccProvider0 = MSSCCI:Microsoft\u0020Visual\u0020SourceSafe
		CanCheckoutShared = false
		SccProjectFilePathRelativizedFromConnection0 = Мои\u0020документы\\Visual\u0020Studio\u00202005\\Projects\\Report\u0020Project4\\
		SccProjectUniqueName1 = Report\u0020Project4\\Report\u0020Project4.rptproj
		SccLocalPath1 = ..\\..\\..\\..
		CanCheckoutShared = false
		SccProjectFilePathRelativizedFromConnection1 = Мои\u0020документы\\Visual\u0020Studio\u00202005\\Projects\\Report\u0020Project4\\Report\u0020Project4\\
	EndGlobalSection
	GlobalSection(SolutionConfigurationPlatforms) = preSolution
		Debug|Default = Debug|Default
		DebugLocal|Default = DebugLocal|Default
		Production|Default = Production|Default
	EndGlobalSection
	GlobalSection(ProjectConfigurationPlatforms) = postSolution
		{769BC4DA-0840-4D97-878B-A4E7F267E11D}.Debug|Default.ActiveCfg = Debug
		{769BC4DA-0840-4D97-878B-A4E7F267E11D}.Debug|Default.Build.0 = DebugLocal
		{769BC4DA-0840-4D97-878B-A4E7F267E11D}.Debug|Default.Deploy.0 = DebugLocal
		{769BC4DA-0840-4D97-878B-A4E7F267E11D}.DebugLocal|Default.ActiveCfg = DebugLocal
		{769BC4DA-0840-4D97-878B-A4E7F267E11D}.DebugLocal|Default.Build.0 = DebugLocal
		{769BC4DA-0840-4D97-878B-A4E7F267E11D}.Production|Default.ActiveCfg = Production
		{769BC4DA-0840-4D97-878B-A4E7F267E11D}.Production|Default.Build.0 = Production
		{769BC4DA-0840-4D97-878B-A4E7F267E11D}.Production|Default.Deploy.0 = Production
	EndGlobalSection
	GlobalSection(SolutionProperties) = preSolution
		HideSolutionNode = FALSE
	EndGlobalSection
EndGlobal
