
Microsoft Visual Studio Solution File, Format Version 9.00
# Visual Studio 2005
Project("{F14B399A-7131-4C87-9E4B-1186C45EF12D}") = "Товары без ГТД", "Товары без ГТД\Товары без ГТД.rptproj", "{B27C91AF-D531-4C55-8BF8-505430B4BDCC}"
EndProject
Global
	GlobalSection(SourceCodeControl) = preSolution
		SccNumberOfProjects = 2
		SccProjectName0 = \u0022$/ReportServer/Товары\u0020без\u0020ГТД\u0022,\u0020RGIBAAAA
		SccLocalPath0 = .
		SccProvider0 = MSSCCI:Microsoft\u0020Visual\u0020SourceSafe
		CanCheckoutShared = false
		SccProjectUniqueName1 = Товары\u0020без\u0020ГТД\\Товары\u0020без\u0020ГТД.rptproj
		SccLocalPath1 = .
		CanCheckoutShared = false
		SccProjectFilePathRelativizedFromConnection1 = Товары\u0020без\u0020ГТД\\
	EndGlobalSection
	GlobalSection(SolutionConfigurationPlatforms) = preSolution
		Debug|Default = Debug|Default
		DebugLocal|Default = DebugLocal|Default
		Production|Default = Production|Default
	EndGlobalSection
	GlobalSection(ProjectConfigurationPlatforms) = postSolution
		{B27C91AF-D531-4C55-8BF8-505430B4BDCC}.Debug|Default.ActiveCfg = Debug
		{B27C91AF-D531-4C55-8BF8-505430B4BDCC}.Debug|Default.Build.0 = DebugLocal
		{B27C91AF-D531-4C55-8BF8-505430B4BDCC}.Debug|Default.Deploy.0 = DebugLocal
		{B27C91AF-D531-4C55-8BF8-505430B4BDCC}.DebugLocal|Default.ActiveCfg = DebugLocal
		{B27C91AF-D531-4C55-8BF8-505430B4BDCC}.DebugLocal|Default.Build.0 = DebugLocal
		{B27C91AF-D531-4C55-8BF8-505430B4BDCC}.Production|Default.ActiveCfg = Production
		{B27C91AF-D531-4C55-8BF8-505430B4BDCC}.Production|Default.Build.0 = Production
		{B27C91AF-D531-4C55-8BF8-505430B4BDCC}.Production|Default.Deploy.0 = Production
	EndGlobalSection
	GlobalSection(SolutionProperties) = preSolution
		HideSolutionNode = FALSE
	EndGlobalSection
EndGlobal
