
Microsoft Visual Studio Solution File, Format Version 9.00
# Visual Studio 2005
Project("{F14B399A-7131-4C87-9E4B-1186C45EF12D}") = "Сводный отчет по выпущенным картам за период в разрезеБПА", "Сводный отчет по выпущенным картам за период в разрезеБПА\Сводный отчет по выпущенным картам за период в разрезеБПА.rptproj", "{8D4EF346-FB6C-44B3-B1B5-014FA9DA034D}"
EndProject
Global
	GlobalSection(SourceCodeControl) = preSolution
		SccNumberOfProjects = 2
		SccProjectName0 = \u0022$/ReportServer/Сводный\u0020отчет\u0020по\u0020выпущенным\u0020картам\u0020за\u0020период\u0020в\u0020разрезеБПА\u0022,\u0020YFTBAAAA
		SccLocalPath0 = .
		SccProvider0 = MSSCCI:Microsoft\u0020Visual\u0020SourceSafe
		CanCheckoutShared = false
		SccProjectUniqueName1 = Сводный\u0020отчет\u0020по\u0020выпущенным\u0020картам\u0020за\u0020период\u0020в\u0020разрезеБПА\\Сводный\u0020отчет\u0020по\u0020выпущенным\u0020картам\u0020за\u0020период\u0020в\u0020разрезеБПА.rptproj
		SccLocalPath1 = .
		CanCheckoutShared = false
		SccProjectFilePathRelativizedFromConnection1 = Сводный\u0020отчет\u0020по\u0020выпущенным\u0020картам\u0020за\u0020период\u0020в\u0020разрезеБПА\\
	EndGlobalSection
	GlobalSection(SolutionConfigurationPlatforms) = preSolution
		Debug|Default = Debug|Default
		DebugLocal|Default = DebugLocal|Default
		Production|Default = Production|Default
	EndGlobalSection
	GlobalSection(ProjectConfigurationPlatforms) = postSolution
		{8D4EF346-FB6C-44B3-B1B5-014FA9DA034D}.Debug|Default.ActiveCfg = Debug
		{8D4EF346-FB6C-44B3-B1B5-014FA9DA034D}.Debug|Default.Build.0 = DebugLocal
		{8D4EF346-FB6C-44B3-B1B5-014FA9DA034D}.Debug|Default.Deploy.0 = DebugLocal
		{8D4EF346-FB6C-44B3-B1B5-014FA9DA034D}.DebugLocal|Default.ActiveCfg = DebugLocal
		{8D4EF346-FB6C-44B3-B1B5-014FA9DA034D}.DebugLocal|Default.Build.0 = DebugLocal
		{8D4EF346-FB6C-44B3-B1B5-014FA9DA034D}.Production|Default.ActiveCfg = Production
		{8D4EF346-FB6C-44B3-B1B5-014FA9DA034D}.Production|Default.Build.0 = Production
		{8D4EF346-FB6C-44B3-B1B5-014FA9DA034D}.Production|Default.Deploy.0 = Production
	EndGlobalSection
	GlobalSection(SolutionProperties) = preSolution
		HideSolutionNode = FALSE
	EndGlobalSection
EndGlobal
