
Microsoft Visual Studio Solution File, Format Version 9.00
# Visual Studio 2005
Project("{F14B399A-7131-4C87-9E4B-1186C45EF12D}") = "Payroll", "Payroll\Payroll.rptproj", "{C6EF8133-C7AF-4142-8DAE-567CD0EB7508}"
EndProject
Global
	GlobalSection(SourceCodeControl) = preSolution
		SccNumberOfProjects = 2
		SccProjectName0 = \u0022$/ReportServer/Payroll\u0022,\u0020PDSAAAAA
		SccLocalPath0 = .
		SccProvider0 = MSSCCI:Microsoft\u0020Visual\u0020SourceSafe
		CanCheckoutShared = false
		SccProjectUniqueName1 = Payroll\\Payroll.rptproj
		SccLocalPath1 = .
		CanCheckoutShared = false
		SccProjectFilePathRelativizedFromConnection1 = Payroll\\
	EndGlobalSection
	GlobalSection(SolutionConfigurationPlatforms) = preSolution
		Debug|Default = Debug|Default
		DebugLocal|Default = DebugLocal|Default
		Production|Default = Production|Default
	EndGlobalSection
	GlobalSection(ProjectConfigurationPlatforms) = postSolution
		{C6EF8133-C7AF-4142-8DAE-567CD0EB7508}.Debug|Default.ActiveCfg = Debug
		{C6EF8133-C7AF-4142-8DAE-567CD0EB7508}.Debug|Default.Build.0 = DebugLocal
		{C6EF8133-C7AF-4142-8DAE-567CD0EB7508}.Debug|Default.Deploy.0 = DebugLocal
		{C6EF8133-C7AF-4142-8DAE-567CD0EB7508}.DebugLocal|Default.ActiveCfg = DebugLocal
		{C6EF8133-C7AF-4142-8DAE-567CD0EB7508}.DebugLocal|Default.Build.0 = DebugLocal
		{C6EF8133-C7AF-4142-8DAE-567CD0EB7508}.Production|Default.ActiveCfg = Production
		{C6EF8133-C7AF-4142-8DAE-567CD0EB7508}.Production|Default.Build.0 = Production
		{C6EF8133-C7AF-4142-8DAE-567CD0EB7508}.Production|Default.Deploy.0 = Production
	EndGlobalSection
	GlobalSection(SolutionProperties) = preSolution
		HideSolutionNode = FALSE
	EndGlobalSection
EndGlobal
